
Microsoft Visual Studio Solution File, Format Version 12.00
# Visual Studio Version 17
VisualStudioVersion = 17.8.34525.116
MinimumVisualStudioVersion = 10.0.40219.1
Project("{9A19103F-16F7-4668-BE54-9A1E7A4F7556}") = "WebShop", "WebShop\WebShop.csproj", "{6AEA292C-93F1-42DA-83D3-4353B95054ED}"
EndProject
Project("{9A19103F-16F7-4668-BE54-9A1E7A4F7556}") = "DAL", "DAL\DAL.csproj", "{0BC96B27-7E03-4EAB-87F2-ED7E84D5A8B4}"
EndProject
Project("{FAE04EC0-301F-11D3-BF4B-00C04F79EFBC}") = "BidChecker", "BidChecker\BidChecker.csproj", "{5ED55598-3E91-4163-A4B9-F75D4DB58AE0}"
EndProject
Global
	GlobalSection(SolutionConfigurationPlatforms) = preSolution
		Debug|Any CPU = Debug|Any CPU
		Release|Any CPU = Release|Any CPU
	EndGlobalSection
	GlobalSection(ProjectConfigurationPlatforms) = postSolution
		{6AEA292C-93F1-42DA-83D3-4353B95054ED}.Debug|Any CPU.ActiveCfg = Debug|Any CPU
		{6AEA292C-93F1-42DA-83D3-4353B95054ED}.Debug|Any CPU.Build.0 = Debug|Any CPU
		{6AEA292C-93F1-42DA-83D3-4353B95054ED}.Release|Any CPU.ActiveCfg = Release|Any CPU
		{6AEA292C-93F1-42DA-83D3-4353B95054ED}.Release|Any CPU.Build.0 = Release|Any CPU
		{0BC96B27-7E03-4EAB-87F2-ED7E84D5A8B4}.Debug|Any CPU.ActiveCfg = Debug|Any CPU
		{0BC96B27-7E03-4EAB-87F2-ED7E84D5A8B4}.Debug|Any CPU.Build.0 = Debug|Any CPU
		{0BC96B27-7E03-4EAB-87F2-ED7E84D5A8B4}.Release|Any CPU.ActiveCfg = Release|Any CPU
		{0BC96B27-7E03-4EAB-87F2-ED7E84D5A8B4}.Release|Any CPU.Build.0 = Release|Any CPU
		{5ED55598-3E91-4163-A4B9-F75D4DB58AE0}.Debug|Any CPU.ActiveCfg = Debug|Any CPU
		{5ED55598-3E91-4163-A4B9-F75D4DB58AE0}.Debug|Any CPU.Build.0 = Debug|Any CPU
		{5ED55598-3E91-4163-A4B9-F75D4DB58AE0}.Release|Any CPU.ActiveCfg = Release|Any CPU
		{5ED55598-3E91-4163-A4B9-F75D4DB58AE0}.Release|Any CPU.Build.0 = Release|Any CPU
	EndGlobalSection
	GlobalSection(SolutionProperties) = preSolution
		HideSolutionNode = FALSE
	EndGlobalSection
	GlobalSection(ExtensibilityGlobals) = postSolution
		SolutionGuid = {F8743E3F-EA7A-4C60-AAD3-41E1FB9F2AB6}
	EndGlobalSection
EndGlobal
